# This file is generated by running "yarn install" inside your project.
# Manual changes might be lost - proceed with caution!

__metadata:
  version: 8
  cacheKey: 10c0

"@babel/helper-string-parser@npm:^7.27.1":
  version: 7.27.1
  resolution: "@babel/helper-string-parser@npm:7.27.1"
  checksum: 10c0/8bda3448e07b5583727c103560bcf9c4c24b3c1051a4c516d4050ef69df37bb9a4734a585fe12725b8c2763de0a265aa1e909b485a4e3270b7cfd3e4dbe4b602
  languageName: node
  linkType: hard

"@babel/helper-validator-identifier@npm:^7.27.1":
  version: 7.27.1
  resolution: "@babel/helper-validator-identifier@npm:7.27.1"
  checksum: 10c0/c558f11c4871d526498e49d07a84752d1800bf72ac0d3dad100309a2eaba24efbf56ea59af5137ff15e3a00280ebe588560534b0e894a4750f8b1411d8f78b84
  languageName: node
  linkType: hard

"@babel/parser@npm:^7.20.15":
  version: 7.28.3
  resolution: "@babel/parser@npm:7.28.3"
  dependencies:
    "@babel/types": "npm:^7.28.2"
  bin:
    parser: ./bin/babel-parser.js
  checksum: 10c0/1f41eb82623b0ca0f94521b57f4790c6c457cd922b8e2597985b36bdec24114a9ccf54640286a760ceb60f11fe9102d192bf60477aee77f5d45f1029b9b72729
  languageName: node
  linkType: hard

"@babel/types@npm:^7.28.2":
  version: 7.28.2
  resolution: "@babel/types@npm:7.28.2"
  dependencies:
    "@babel/helper-string-parser": "npm:^7.27.1"
    "@babel/helper-validator-identifier": "npm:^7.27.1"
  checksum: 10c0/24b11c9368e7e2c291fe3c1bcd1ed66f6593a3975f479cbb9dd7b8c8d8eab8a962b0d2fca616c043396ce82500ac7d23d594fbbbd013828182c01596370a0b10
  languageName: node
  linkType: hard

"@jsdoc/salty@npm:^0.2.1":
  version: 0.2.9
  resolution: "@jsdoc/salty@npm:0.2.9"
  dependencies:
    lodash: "npm:^4.17.21"
  checksum: 10c0/a9c1fb50b5c2009f9fb6db603497e20eb0aba650a2a2f8a5d6af478a95c6237aaf92ae7ae87cc2c896d71b24f220f4678172a456121c380861cf711d0588451d
  languageName: node
  linkType: hard

"@types/linkify-it@npm:^5":
  version: 5.0.0
  resolution: "@types/linkify-it@npm:5.0.0"
  checksum: 10c0/7bbbf45b9dde17bf3f184fee585aef0e7342f6954f0377a24e4ff42ab5a85d5b806aaa5c8d16e2faf2a6b87b2d94467a196b7d2b85c9c7de2f0eaac5487aaab8
  languageName: node
  linkType: hard

"@types/markdown-it@npm:^14.1.1":
  version: 14.1.2
  resolution: "@types/markdown-it@npm:14.1.2"
  dependencies:
    "@types/linkify-it": "npm:^5"
    "@types/mdurl": "npm:^2"
  checksum: 10c0/34f709f0476bd4e7b2ba7c3341072a6d532f1f4cb6f70aef371e403af8a08a7c372ba6907ac426bc618d356dab660c5b872791ff6c1ead80c483e0d639c6f127
  languageName: node
  linkType: hard

"@types/mdurl@npm:^2":
  version: 2.0.0
  resolution: "@types/mdurl@npm:2.0.0"
  checksum: 10c0/cde7bb571630ed1ceb3b92a28f7b59890bb38b8f34cd35326e2df43eebfc74985e6aa6fd4184e307393bad8a9e0783a519a3f9d13c8e03788c0f98e5ec869c5e
  languageName: node
  linkType: hard

"align-text@npm:^0.1.1, align-text@npm:^0.1.3":
  version: 0.1.4
  resolution: "align-text@npm:0.1.4"
  dependencies:
    kind-of: "npm:^3.0.2"
    longest: "npm:^1.0.1"
    repeat-string: "npm:^1.5.2"
  checksum: 10c0/c0fc03fe5de15cda89f9babb91e77a255013b49912031e86e79f25547aa666622f0a68be3da47fc834ab2c97cfb6b0a967509b2ce883f5306d9c78f6069ced7a
  languageName: node
  linkType: hard

"argparse@npm:^2.0.1":
  version: 2.0.1
  resolution: "argparse@npm:2.0.1"
  checksum: 10c0/c5640c2d89045371c7cedd6a70212a04e360fd34d6edeae32f6952c63949e3525ea77dbec0289d8213a99bbaeab5abfa860b5c12cf88a2e6cf8106e90dd27a7e
  languageName: node
  linkType: hard

"bluebird@npm:^3.7.2":
  version: 3.7.2
  resolution: "bluebird@npm:3.7.2"
  checksum: 10c0/680de03adc54ff925eaa6c7bb9a47a0690e8b5de60f4792604aae8ed618c65e6b63a7893b57ca924beaf53eee69c5af4f8314148c08124c550fe1df1add897d2
  languageName: node
  linkType: hard

"camelcase@npm:^1.0.2":
  version: 1.2.1
  resolution: "camelcase@npm:1.2.1"
  checksum: 10c0/dec70dfd46be8e31c5f8a4616f441cc3902da9b807f843c2ad4f2a0c79a8907d91914184b40166e2111bfa76cb66de6107924c0529017204e810ef14390381fa
  languageName: node
  linkType: hard

"catharsis@npm:^0.9.0":
  version: 0.9.0
  resolution: "catharsis@npm:0.9.0"
  dependencies:
    lodash: "npm:^4.17.15"
  checksum: 10c0/9ac03ca48154ac63cfdb6c1645481d9d04f3c3e0dea131debf3116a0c12aa47e8864be7dcf770932c46d75bdd844a99f0c116c234e57232ad1f427751498e7ed
  languageName: node
  linkType: hard

"center-align@npm:^0.1.1":
  version: 0.1.3
  resolution: "center-align@npm:0.1.3"
  dependencies:
    align-text: "npm:^0.1.3"
    lazy-cache: "npm:^1.0.3"
  checksum: 10c0/d12d17b53c4ffce900ecddeb87b781e65af9fe197973015bc2d8fb114fcccdd6457995df26bfe156ffe44573ffbabbba7c67653d92cfc8e1b2e7ec88404cbb61
  languageName: node
  linkType: hard

"cliui@npm:^2.1.0":
  version: 2.1.0
  resolution: "cliui@npm:2.1.0"
  dependencies:
    center-align: "npm:^0.1.1"
    right-align: "npm:^0.1.1"
    wordwrap: "npm:0.0.2"
  checksum: 10c0/a5e7a3c1f354f3dd4cdea613822633a3c73604d4852ab2f5ac24fb7e10a2bef4475b4064e1bdd3db61e9527130a634ca4cef7e18666d03519611e70213606245
  languageName: node
  linkType: hard

"decamelize@npm:^1.0.0":
  version: 1.2.0
  resolution: "decamelize@npm:1.2.0"
  checksum: 10c0/85c39fe8fbf0482d4a1e224ef0119db5c1897f8503bcef8b826adff7a1b11414972f6fef2d7dec2ee0b4be3863cf64ac1439137ae9e6af23a3d8dcbe26a5b4b2
  languageName: node
  linkType: hard

"entities@npm:^4.4.0":
  version: 4.5.0
  resolution: "entities@npm:4.5.0"
  checksum: 10c0/5b039739f7621f5d1ad996715e53d964035f75ad3b9a4d38c6b3804bb226e282ffeae2443624d8fdd9c47d8e926ae9ac009c54671243f0c3294c26af7cc85250
  languageName: node
  linkType: hard

"escape-string-regexp@npm:^2.0.0":
  version: 2.0.0
  resolution: "escape-string-regexp@npm:2.0.0"
  checksum: 10c0/2530479fe8db57eace5e8646c9c2a9c80fa279614986d16dcc6bcaceb63ae77f05a851ba6c43756d816c61d7f4534baf56e3c705e3e0d884818a46808811c507
  languageName: node
  linkType: hard

"graceful-fs@npm:^4.1.9":
  version: 4.2.11
  resolution: "graceful-fs@npm:4.2.11"
  checksum: 10c0/386d011a553e02bc594ac2ca0bd6d9e4c22d7fa8cfbfc448a6d148c59ea881b092db9dbe3547ae4b88e55f1b01f7c4a2ecc53b310c042793e63aa44cf6c257f2
  languageName: node
  linkType: hard

"is-buffer@npm:^1.1.5":
  version: 1.1.6
  resolution: "is-buffer@npm:1.1.6"
  checksum: 10c0/ae18aa0b6e113d6c490ad1db5e8df9bdb57758382b313f5a22c9c61084875c6396d50bbf49315f5b1926d142d74dfb8d31b40d993a383e0a158b15fea7a82234
  languageName: node
  linkType: hard

"js2xmlparser@npm:^4.0.2":
  version: 4.0.2
  resolution: "js2xmlparser@npm:4.0.2"
  dependencies:
    xmlcreate: "npm:^2.0.4"
  checksum: 10c0/b00de9351649d67d225e21734a08f456a4ecb3c29cafcd3bbecb36a8ab61ec841fad7f425bed50e21936fe387f472e49cfe75ce71d0beaacb0475b077c88ed39
  languageName: node
  linkType: hard

"jsdoc@npm:4.0.4":
  version: 4.0.4
  resolution: "jsdoc@npm:4.0.4"
  dependencies:
    "@babel/parser": "npm:^7.20.15"
    "@jsdoc/salty": "npm:^0.2.1"
    "@types/markdown-it": "npm:^14.1.1"
    bluebird: "npm:^3.7.2"
    catharsis: "npm:^0.9.0"
    escape-string-regexp: "npm:^2.0.0"
    js2xmlparser: "npm:^4.0.2"
    klaw: "npm:^3.0.0"
    markdown-it: "npm:^14.1.0"
    markdown-it-anchor: "npm:^8.6.7"
    marked: "npm:^4.0.10"
    mkdirp: "npm:^1.0.4"
    requizzle: "npm:^0.2.3"
    strip-json-comments: "npm:^3.1.0"
    underscore: "npm:~1.13.2"
  bin:
    jsdoc: ./jsdoc.js
  checksum: 10c0/437a21ad67629dd9ae63d99b3d8f7c87e2a54559a15744cbdafe55ad6abd19678845e79dc88119035a31eef13a2ecaf1d623989a8b9631060780dcdfdf87c7a3
  languageName: node
  linkType: hard

"kind-of@npm:^3.0.2":
  version: 3.2.2
  resolution: "kind-of@npm:3.2.2"
  dependencies:
    is-buffer: "npm:^1.1.5"
  checksum: 10c0/7e34bc29d4b02c997f92f080de34ebb92033a96736bbb0bb2410e033a7e5ae6571f1fa37b2d7710018f95361473b816c604234197f4f203f9cf149d8ef1574d9
  languageName: node
  linkType: hard

"klaw@npm:^3.0.0":
  version: 3.0.0
  resolution: "klaw@npm:3.0.0"
  dependencies:
    graceful-fs: "npm:^4.1.9"
  checksum: 10c0/8391cf6df6337dce02e44628b620b39412d007eff162d907d37063c23986041d9b5c3558851d473c2fae92c1ccb0fde8864e36f9c55ac339fc469b517a2caa1b
  languageName: node
  linkType: hard

"lazy-cache@npm:^1.0.3":
  version: 1.0.4
  resolution: "lazy-cache@npm:1.0.4"
  checksum: 10c0/00f4868a27dc5c491ad86f46068d19bc97c0402d6c7c1449a977fade8ce667d4723beac8e12fdb1d6237156dd25ab0d3c963422bdfcbc76fd25941bfe3c6f015
  languageName: node
  linkType: hard

"linkify-it@npm:^5.0.0":
  version: 5.0.0
  resolution: "linkify-it@npm:5.0.0"
  dependencies:
    uc.micro: "npm:^2.0.0"
  checksum: 10c0/ff4abbcdfa2003472fc3eb4b8e60905ec97718e11e33cca52059919a4c80cc0e0c2a14d23e23d8c00e5402bc5a885cdba8ca053a11483ab3cc8b3c7a52f88e2d
  languageName: node
  linkType: hard

"lodash@npm:^4.17.15, lodash@npm:^4.17.21":
  version: 4.17.21
  resolution: "lodash@npm:4.17.21"
  checksum: 10c0/d8cbea072bb08655bb4c989da418994b073a608dffa608b09ac04b43a791b12aeae7cd7ad919aa4c925f33b48490b5cfe6c1f71d827956071dae2e7bb3a6b74c
  languageName: node
  linkType: hard

"longest@npm:^1.0.1":
  version: 1.0.1
  resolution: "longest@npm:1.0.1"
  checksum: 10c0/e77bd510ea4083cc202a8985be1d422d4183e1078775bcf6c5d9aee3e401d9094b44348c720f9d349f230293865b09ee611453ac4694422ad43a9a9bdb092c82
  languageName: node
  linkType: hard

"markdown-it-anchor@npm:^8.6.7":
  version: 8.6.7
  resolution: "markdown-it-anchor@npm:8.6.7"
  peerDependencies:
    "@types/markdown-it": "*"
    markdown-it: "*"
  checksum: 10c0/f117866488013b7e4085a6b59d12bf62879181aef65ea2851f01ed1b763b8c052580c2c27fa8bd009421886220c6beeb373a65af9e885ce63a36ee9f8dcd0e89
  languageName: node
  linkType: hard

"markdown-it@npm:^14.1.0":
  version: 14.1.0
  resolution: "markdown-it@npm:14.1.0"
  dependencies:
    argparse: "npm:^2.0.1"
    entities: "npm:^4.4.0"
    linkify-it: "npm:^5.0.0"
    mdurl: "npm:^2.0.0"
    punycode.js: "npm:^2.3.1"
    uc.micro: "npm:^2.1.0"
  bin:
    markdown-it: bin/markdown-it.mjs
  checksum: 10c0/9a6bb444181d2db7016a4173ae56a95a62c84d4cbfb6916a399b11d3e6581bf1cc2e4e1d07a2f022ae72c25f56db90fbe1e529fca16fbf9541659dc53480d4b4
  languageName: node
  linkType: hard

"marked@npm:^4.0.10":
  version: 4.3.0
  resolution: "marked@npm:4.3.0"
  bin:
    marked: bin/marked.js
  checksum: 10c0/0013463855e31b9c88d8bb2891a611d10ef1dc79f2e3cbff1bf71ba389e04c5971298c886af0be799d7fa9aa4593b086a136062d59f1210b0480b026a8c5dc47
  languageName: node
  linkType: hard

"mdurl@npm:^2.0.0":
  version: 2.0.0
  resolution: "mdurl@npm:2.0.0"
  checksum: 10c0/633db522272f75ce4788440669137c77540d74a83e9015666a9557a152c02e245b192edc20bc90ae953bbab727503994a53b236b4d9c99bdaee594d0e7dd2ce0
  languageName: node
  linkType: hard

"mkdirp@npm:^1.0.4":
  version: 1.0.4
  resolution: "mkdirp@npm:1.0.4"
  bin:
    mkdirp: bin/cmd.js
  checksum: 10c0/46ea0f3ffa8bc6a5bc0c7081ffc3907777f0ed6516888d40a518c5111f8366d97d2678911ad1a6882bf592fa9de6c784fea32e1687bb94e1f4944170af48a5cf
  languageName: node
  linkType: hard

"punycode.js@npm:^2.3.1":
  version: 2.3.1
  resolution: "punycode.js@npm:2.3.1"
  checksum: 10c0/1d12c1c0e06127fa5db56bd7fdf698daf9a78104456a6b67326877afc21feaa821257b171539caedd2f0524027fa38e67b13dd094159c8d70b6d26d2bea4dfdb
  languageName: node
  linkType: hard

"repeat-string@npm:^1.5.2":
  version: 1.6.1
  resolution: "repeat-string@npm:1.6.1"
  checksum: 10c0/87fa21bfdb2fbdedc44b9a5b118b7c1239bdd2c2c1e42742ef9119b7d412a5137a1d23f1a83dc6bb686f4f27429ac6f542e3d923090b44181bafa41e8ac0174d
  languageName: node
  linkType: hard

"requizzle@npm:^0.2.3":
  version: 0.2.4
  resolution: "requizzle@npm:0.2.4"
  dependencies:
    lodash: "npm:^4.17.21"
  checksum: 10c0/ad138f987943aeda5f96cd1ccba9752c96352a729a7e3c3e2545568703f7fc9b978d9b46715803408ef178b0d61d36a4b1b506b367b7e78fe6d041fa5bfa5e06
  languageName: node
  linkType: hard

"retreaver@workspace:.":
  version: 0.0.0-use.local
  resolution: "retreaver@workspace:."
  dependencies:
    jsdoc: "npm:4.0.4"
    uglify-js: "npm:2.8.29"
  languageName: unknown
  linkType: soft

"right-align@npm:^0.1.1":
  version: 0.1.3
  resolution: "right-align@npm:0.1.3"
  dependencies:
    align-text: "npm:^0.1.1"
  checksum: 10c0/8fdafcb1e4cadd03d392f2a2185ab39265deb80bbe37c6ee4b0a552937c84a10fae5afd7ab4623734f7c5356b1d748daf4130529a2fbc8caa311b6257473ec95
  languageName: node
  linkType: hard

"source-map@npm:~0.5.1":
  version: 0.5.7
  resolution: "source-map@npm:0.5.7"
  checksum: 10c0/904e767bb9c494929be013017380cbba013637da1b28e5943b566031e29df04fba57edf3f093e0914be094648b577372bd8ad247fa98cfba9c600794cd16b599
  languageName: node
  linkType: hard

"strip-json-comments@npm:^3.1.0":
  version: 3.1.1
  resolution: "strip-json-comments@npm:3.1.1"
  checksum: 10c0/9681a6257b925a7fa0f285851c0e613cc934a50661fa7bb41ca9cbbff89686bb4a0ee366e6ecedc4daafd01e83eee0720111ab294366fe7c185e935475ebcecd
  languageName: node
  linkType: hard

"uc.micro@npm:^2.0.0, uc.micro@npm:^2.1.0":
  version: 2.1.0
  resolution: "uc.micro@npm:2.1.0"
  checksum: 10c0/8862eddb412dda76f15db8ad1c640ccc2f47cdf8252a4a30be908d535602c8d33f9855dfcccb8b8837855c1ce1eaa563f7fa7ebe3c98fd0794351aab9b9c55fa
  languageName: node
  linkType: hard

"uglify-js@npm:2.8.29":
  version: 2.8.29
  resolution: "uglify-js@npm:2.8.29"
  dependencies:
    source-map: "npm:~0.5.1"
    uglify-to-browserify: "npm:~1.0.0"
    yargs: "npm:~3.10.0"
  dependenciesMeta:
    uglify-to-browserify:
      optional: true
  bin:
    uglifyjs: bin/uglifyjs
  checksum: 10c0/e2e5d67a551975d70aef4b693d369934b4917b17dd2a36270cabd8df884eeb59cb517d9a0a52ca996f11f3b3e202f9563bf620089ffa73d804d08619e338f080
  languageName: node
  linkType: hard

"uglify-to-browserify@npm:~1.0.0":
  version: 1.0.2
  resolution: "uglify-to-browserify@npm:1.0.2"
  checksum: 10c0/7927b554c2cbc110f3e6a5f8f5ed430710e72adadd9dc900fc3393b6d67f281048f2dfd1b2da3df9e88b9308b215247688d16337dccd5202d56636173a83ce16
  languageName: node
  linkType: hard

"underscore@npm:~1.13.2":
  version: 1.13.7
  resolution: "underscore@npm:1.13.7"
  checksum: 10c0/fad2b4aac48847674aaf3c30558f383399d4fdafad6dd02dd60e4e1b8103b52c5a9e5937e0cc05dacfd26d6a0132ed0410ab4258241240757e4a4424507471cd
  languageName: node
  linkType: hard

"window-size@npm:0.1.0":
  version: 0.1.0
  resolution: "window-size@npm:0.1.0"
  checksum: 10c0/4753f1d55afde8e89f49ab161a5c5bff9a5e025443a751f6e9654168c319cf9e429ac9ed19e12241cdf0fb9d7fdc4af220abd18f05ad8e254899d331f798723e
  languageName: node
  linkType: hard

"wordwrap@npm:0.0.2":
  version: 0.0.2
  resolution: "wordwrap@npm:0.0.2"
  checksum: 10c0/a697f8d4de35aa5fc09c84756a471a72cf602abcd8f45e132a28b0140369a4abd142676db4daa64632f10472cd7d6fa89daa308914b84ba6a5f43e35b6711501
  languageName: node
  linkType: hard

"xmlcreate@npm:^2.0.4":
  version: 2.0.4
  resolution: "xmlcreate@npm:2.0.4"
  checksum: 10c0/fc4234e2d1942877d761d4f3d64410b54633d2ec60b13a5d56a6a06545aba39a0df8ed7ded10785a302f632eb4f0a4fedbf4bf10e17892e11d5075244b9e5705
  languageName: node
  linkType: hard

"yargs@npm:~3.10.0":
  version: 3.10.0
  resolution: "yargs@npm:3.10.0"
  dependencies:
    camelcase: "npm:^1.0.2"
    cliui: "npm:^2.1.0"
    decamelize: "npm:^1.0.0"
    window-size: "npm:0.1.0"
  checksum: 10c0/df727126b4e664987c5bb1f346fbde24d2d5e6bd435d081d816f1f5890811ceb82f90ac7e6eb849eae749dde6fe5a2eda2c6f2b22021824976399fb4362413c1
  languageName: node
  linkType: hard
